// !$*UTF8*$!
{
	archiveVersion = 1;
	classes = {
	};
	objectVersion = 50;
	objects = {

/* Begin PBXBuildFile section */
		184C1E7C250100B20007B49E /* AppDelegate.swift in Sources */ = {isa = PBXBuildFile; fileRef = 184C1E7B250100B20007B49E /* AppDelegate.swift */; };
		184C1E7E250100B20007B49E /* SceneDelegate.swift in Sources */ = {isa = PBXBuildFile; fileRef = 184C1E7D250100B20007B49E /* SceneDelegate.swift */; };
		184C1E80250100B20007B49E /* ViewController.swift in Sources */ = {isa = PBXBuildFile; fileRef = 184C1E7F250100B20007B49E /* ViewController.swift */; };
		184C1E83250100B20007B49E /* Main.storyboard in Resources */ = {isa = PBXBuildFile; fileRef = 184C1E81250100B20007B49E /* Main.storyboard */; };
		184C1E85250100BB0007B49E /* Assets.xcassets in Resources */ = {isa = PBXBuildFile; fileRef = 184C1E84250100BB0007B49E /* Assets.xcassets */; };
		184C1E88250100BB0007B49E /* LaunchScreen.storyboard in Resources */ = {isa = PBXBuildFile; fileRef = 184C1E86250100BB0007B49E /* LaunchScreen.storyboard */; };
		184C1E93250106FA0007B49E /* HealthKit.framework in Frameworks */ = {isa = PBXBuildFile; fileRef = 184C1E92250106FA0007B49E /* HealthKit.framework */; };
		184C1E95250107A10007B49E /* HealthKitSetupAssistant.swift in Sources */ = {isa = PBXBuildFile; fileRef = 184C1E94250107A10007B49E /* HealthKitSetupAssistant.swift */; };
		184C1E9825060FA20007B49E /* StepCountManager.swift in Sources */ = {isa = PBXBuildFile; fileRef = 184C1E9725060FA20007B49E /* StepCountManager.swift */; };
		1895C5F8250784940021FA35 /* LocalStorageManager.swift in Sources */ = {isa = PBXBuildFile; fileRef = 1895C5F7250784940021FA35 /* LocalStorageManager.swift */; };
/* End PBXBuildFile section */

/* Begin PBXFileReference section */
		184C1E78250100B20007B49E /* HealthMonitor.app */ = {isa = PBXFileReference; explicitFileType = wrapper.application; includeInIndex = 0; path = HealthMonitor.app; sourceTree = BUILT_PRODUCTS_DIR; };
		184C1E7B250100B20007B49E /* AppDelegate.swift */ = {isa = PBXFileReference; lastKnownFileType = sourcecode.swift; path = AppDelegate.swift; sourceTree = "<group>"; };
		184C1E7D250100B20007B49E /* SceneDelegate.swift */ = {isa = PBXFileReference; lastKnownFileType = sourcecode.swift; path = SceneDelegate.swift; sourceTree = "<group>"; };
		184C1E7F250100B20007B49E /* ViewController.swift */ = {isa = PBXFileReference; lastKnownFileType = sourcecode.swift; path = ViewController.swift; sourceTree = "<group>"; };
		184C1E82250100B20007B49E /* Base */ = {isa = PBXFileReference; lastKnownFileType = file.storyboard; name = Base; path = Base.lproj/Main.storyboard; sourceTree = "<group>"; };
		184C1E84250100BB0007B49E /* Assets.xcassets */ = {isa = PBXFileReference; lastKnownFileType = folder.assetcatalog; path = Assets.xcassets; sourceTree = "<group>"; };
		184C1E87250100BB0007B49E /* Base */ = {isa = PBXFileReference; lastKnownFileType = file.storyboard; name = Base; path = Base.lproj/LaunchScreen.storyboard; sourceTree = "<group>"; };
		184C1E89250100BB0007B49E /* Info.plist */ = {isa = PBXFileReference; lastKnownFileType = text.plist.xml; path = Info.plist; sourceTree = "<group>"; };
		184C1E90250106FA0007B49E /* HealthMonitor.entitlements */ = {isa = PBXFileReference; lastKnownFileType = text.plist.entitlements; path = HealthMonitor.entitlements; sourceTree = "<group>"; };
		184C1E92250106FA0007B49E /* HealthKit.framework */ = {isa = PBXFileReference; lastKnownFileType = wrapper.framework; name = HealthKit.framework; path = System/Library/Frameworks/HealthKit.framework; sourceTree = SDKROOT; };
		184C1E94250107A10007B49E /* HealthKitSetupAssistant.swift */ = {isa = PBXFileReference; fileEncoding = 4; lastKnownFileType = sourcecode.swift; path = HealthKitSetupAssistant.swift; sourceTree = "<group>"; };
		184C1E9725060FA20007B49E /* StepCountManager.swift */ = {isa = PBXFileReference; lastKnownFileType = sourcecode.swift; path = StepCountManager.swift; sourceTree = "<group>"; };
		1895C5F7250784940021FA35 /* LocalStorageManager.swift */ = {isa = PBXFileReference; lastKnownFileType = sourcecode.swift; path = LocalStorageManager.swift; sourceTree = "<group>"; };
/* End PBXFileReference section */

/* Begin PBXFrameworksBuildPhase section */
		184C1E75250100B20007B49E /* Frameworks */ = {
			isa = PBXFrameworksBuildPhase;
			buildActionMask = 2147483647;
			files = (
				184C1E93250106FA0007B49E /* HealthKit.framework in Frameworks */,
			);
			runOnlyForDeploymentPostprocessing = 0;
		};
/* End PBXFrameworksBuildPhase section */

/* Begin PBXGroup section */
		184C1E6F250100B20007B49E = {
			isa = PBXGroup;
			children = (
				184C1E7A250100B20007B49E /* HealthMonitor */,
				184C1E79250100B20007B49E /* Products */,
				184C1E91250106FA0007B49E /* Frameworks */,
			);
			sourceTree = "<group>";
		};
		184C1E79250100B20007B49E /* Products */ = {
			isa = PBXGroup;
			children = (
				184C1E78250100B20007B49E /* HealthMonitor.app */,
			);
			name = Products;
			sourceTree = "<group>";
		};
		184C1E7A250100B20007B49E /* HealthMonitor */ = {
			isa = PBXGroup;
			children = (
				184C1E90250106FA0007B49E /* HealthMonitor.entitlements */,
				184C1E7B250100B20007B49E /* AppDelegate.swift */,
				184C1E7D250100B20007B49E /* SceneDelegate.swift */,
				184C1E7F250100B20007B49E /* ViewController.swift */,
				184C1E94250107A10007B49E /* HealthKitSetupAssistant.swift */,
				184C1E9725060FA20007B49E /* StepCountManager.swift */,
				184C1E81250100B20007B49E /* Main.storyboard */,
				184C1E84250100BB0007B49E /* Assets.xcassets */,
				184C1E86250100BB0007B49E /* LaunchScreen.storyboard */,
				184C1E89250100BB0007B49E /* Info.plist */,
				1895C5F7250784940021FA35 /* LocalStorageManager.swift */,
			);
			path = HealthMonitor;
			sourceTree = "<group>";
		};
		184C1E91250106FA0007B49E /* Frameworks */ = {
			isa = PBXGroup;
			children = (
				184C1E92250106FA0007B49E /* HealthKit.framework */,
			);
			name = Frameworks;
			sourceTree = "<group>";
		};
/* End PBXGroup section */

/* Begin PBXNativeTarget section */
		184C1E77250100B20007B49E /* HealthMonitor */ = {
			isa = PBXNativeTarget;
			buildConfigurationList = 184C1E8C250100BB0007B49E /* Build configuration list for PBXNativeTarget "HealthMonitor" */;
			buildPhases = (
				184C1E74250100B20007B49E /* Sources */,
				184C1E75250100B20007B49E /* Frameworks */,
				184C1E76250100B20007B49E /* Resources */,
			);
			buildRules = (
			);
			dependencies = (
			);
			name = HealthMonitor;
			productName = HealthMonitor;
			productReference = 184C1E78250100B20007B49E /* HealthMonitor.app */;
			productType = "com.apple.product-type.application";
		};
/* End PBXNativeTarget section */

/* Begin PBXProject section */
		184C1E70250100B20007B49E /* Project object */ = {
			isa = PBXProject;
			attributes = {
				LastSwiftUpdateCheck = 1160;
				LastUpgradeCheck = 1160;
				ORGANIZATIONNAME = knila;
				TargetAttributes = {
					184C1E77250100B20007B49E = {
						CreatedOnToolsVersion = 11.6;
					};
				};
			};
			buildConfigurationList = 184C1E73250100B20007B49E /* Build configuration list for PBXProject "HealthMonitor" */;
			compatibilityVersion = "Xcode 9.3";
			developmentRegion = en;
			hasScannedForEncodings = 0;
			knownRegions = (
				en,
				Base,
			);
			mainGroup = 184C1E6F250100B20007B49E;
			productRefGroup = 184C1E79250100B20007B49E /* Products */;
			projectDirPath = "";
			projectRoot = "";
			targets = (
				184C1E77250100B20007B49E /* HealthMonitor */,
			);
		};
/* End PBXProject section */

/* Begin PBXResourcesBuildPhase section */
		184C1E76250100B20007B49E /* Resources */ = {
			isa = PBXResourcesBuildPhase;
			buildActionMask = 2147483647;
			files = (
				184C1E88250100BB0007B49E /* LaunchScreen.storyboard in Resources */,
				184C1E85250100BB0007B49E /* Assets.xcassets in Resources */,
				184C1E83250100B20007B49E /* Main.storyboard in Resources */,
			);
			runOnlyForDeploymentPostprocessing = 0;
		};
/* End PBXResourcesBuildPhase section */

/* Begin PBXSourcesBuildPhase section */
		184C1E74250100B20007B49E /* Sources */ = {
			isa = PBXSourcesBuildPhase;
			buildActionMask = 2147483647;
			files = (
				184C1E9825060FA20007B49E /* StepCountManager.swift in Sources */,
				184C1E80250100B20007B49E /* ViewController.swift in Sources */,
				184C1E95250107A10007B49E /* HealthKitSetupAssistant.swift in Sources */,
				1895C5F8250784940021FA35 /* LocalStorageManager.swift in Sources */,
				184C1E7C250100B20007B49E /* AppDelegate.swift in Sources */,
				184C1E7E250100B20007B49E /* SceneDelegate.swift in Sources */,
			);
			runOnlyForDeploymentPostprocessing = 0;
		};
/* End PBXSourcesBuildPhase section */

/* Begin PBXVariantGroup section */
		184C1E81250100B20007B49E /* Main.storyboard */ = {
			isa = PBXVariantGroup;
			children = (
				184C1E82250100B20007B49E /* Base */,
			);
			name = Main.storyboard;
			sourceTree = "<group>";
		};
		184C1E86250100BB0007B49E /* LaunchScreen.storyboard */ = {
			isa = PBXVariantGroup;
			children = (
				184C1E87250100BB0007B49E /* Base */,
			);
			name = LaunchScreen.storyboard;
			sourceTree = "<group>";
		};
/* End PBXVariantGroup section */

/* Begin XCBuildConfiguration section */
		184C1E8A250100BB0007B49E /* Debug */ = {
			isa = XCBuildConfiguration;
			buildSettings = {
				ALWAYS_SEARCH_USER_PATHS = NO;
				CLANG_ANALYZER_NONNULL = YES;
				CLANG_ANALYZER_NUMBER_OBJECT_CONVERSION = YES_AGGRESSIVE;
				CLANG_CXX_LANGUAGE_STANDARD = "gnu++14";
				CLANG_CXX_LIBRARY = "libc++";
				CLANG_ENABLE_MODULES = YES;
				CLANG_ENABLE_OBJC_ARC = YES;
				CLANG_ENABLE_OBJC_WEAK = YES;
				CLANG_WARN_BLOCK_CAPTURE_AUTORELEASING = YES;
				CLANG_WARN_BOOL_CONVERSION = YES;
				CLANG_WARN_COMMA = YES;
				CLANG_WARN_CONSTANT_CONVERSION = YES;
				CLANG_WARN_DEPRECATED_OBJC_IMPLEMENTATIONS = YES;
				CLANG_WARN_DIRECT_OBJC_ISA_USAGE = YES_ERROR;
				CLANG_WARN_DOCUMENTATION_COMMENTS = YES;
				CLANG_WARN_EMPTY_BODY = YES;
				CLANG_WARN_ENUM_CONVERSION = YES;
				CLANG_WARN_INFINITE_RECURSION = YES;
				CLANG_WARN_INT_CONVERSION = YES;
				CLANG_WARN_NON_LITERAL_NULL_CONVERSION = YES;
				CLANG_WARN_OBJC_IMPLICIT_RETAIN_SELF = YES;
				CLANG_WARN_OBJC_LITERAL_CONVERSION = YES;
				CLANG_WARN_OBJC_ROOT_CLASS = YES_ERROR;
				CLANG_WARN_RANGE_LOOP_ANALYSIS = YES;
				CLANG_WARN_STRICT_PROTOTYPES = YES;
				CLANG_WARN_SUSPICIOUS_MOVE = YES;
				CLANG_WARN_UNGUARDED_AVAILABILITY = YES_AGGRESSIVE;
				CLANG_WARN_UNREACHABLE_CODE = YES;
				CLANG_WARN__DUPLICATE_METHOD_MATCH = YES;
				COPY_PHASE_STRIP = NO;
				DEBUG_INFORMATION_FORMAT = dwarf;
				ENABLE_STRICT_OBJC_MSGSEND = YES;
				ENABLE_TESTABILITY = YES;
				GCC_C_LANGUAGE_STANDARD = gnu11;
				GCC_DYNAMIC_NO_PIC = NO;
				GCC_NO_COMMON_BLOCKS = YES;
				GCC_OPTIMIZATION_LEVEL = 0;
				GCC_PREPROCESSOR_DEFINITIONS = (
					"DEBUG=1",
					"$(inherited)",
				);
				GCC_WARN_64_TO_32_BIT_CONVERSION = YES;
				GCC_WARN_ABOUT_RETURN_TYPE = YES_ERROR;
				GCC_WARN_UNDECLARED_SELECTOR = YES;
				GCC_WARN_UNINITIALIZED_AUTOS = YES_AGGRESSIVE;
				GCC_WARN_UNUSED_FUNCTION = YES;
				GCC_WARN_UNUSED_VARIABLE = YES;
				IPHONEOS_DEPLOYMENT_TARGET = 13.6;
				MTL_ENABLE_DEBUG_INFO = INCLUDE_SOURCE;
				MTL_FAST_MATH = YES;
				ONLY_ACTIVE_ARCH = YES;
				SDKROOT = iphoneos;
				SWIFT_ACTIVE_COMPILATION_CONDITIONS = DEBUG;
				SWIFT_OPTIMIZATION_LEVEL = "-Onone";
			};
			name = Debug;
		};
		184C1E8B250100BB0007B49E /* Release */ = {
			isa = XCBuildConfiguration;
			buildSettings = {
				ALWAYS_SEARCH_USER_PATHS = NO;
				CLANG_ANALYZER_NONNULL = YES;
				CLANG_ANALYZER_NUMBER_OBJECT_CONVERSION = YES_AGGRESSIVE;
				CLANG_CXX_LANGUAGE_STANDARD = "gnu++14";
				CLANG_CXX_LIBRARY = "libc++";
				CLANG_ENABLE_MODULES = YES;
				CLANG_ENABLE_OBJC_ARC = YES;
				CLANG_ENABLE_OBJC_WEAK = YES;
				CLANG_WARN_BLOCK_CAPTURE_AUTORELEASING = YES;
				CLANG_WARN_BOOL_CONVERSION = YES;
				CLANG_WARN_COMMA = YES;
				CLANG_WARN_CONSTANT_CONVERSION = YES;
				CLANG_WARN_DEPRECATED_OBJC_IMPLEMENTATIONS = YES;
				CLANG_WARN_DIRECT_OBJC_ISA_USAGE = YES_ERROR;
				CLANG_WARN_DOCUMENTATION_COMMENTS = YES;
				CLANG_WARN_EMPTY_BODY = YES;
				CLANG_WARN_ENUM_CONVERSION = YES;
				CLANG_WARN_INFINITE_RECURSION = YES;
				CLANG_WARN_INT_CONVERSION = YES;
				CLANG_WARN_NON_LITERAL_NULL_CONVERSION = YES;
				CLANG_WARN_OBJC_IMPLICIT_RETAIN_SELF = YES;
				CLANG_WARN_OBJC_LITERAL_CONVERSION = YES;
				CLANG_WARN_OBJC_ROOT_CLASS = YES_ERROR;
				CLANG_WARN_RANGE_LOOP_ANALYSIS = YES;
				CLANG_WARN_STRICT_PROTOTYPES = YES;
				CLANG_WARN_SUSPICIOUS_MOVE = YES;
				CLANG_WARN_UNGUARDED_AVAILABILITY = YES_AGGRESSIVE;
				CLANG_WARN_UNREACHABLE_CODE = YES;
				CLANG_WARN__DUPLICATE_METHOD_MATCH = YES;
				COPY_PHASE_STRIP = NO;
				DEBUG_INFORMATION_FORMAT = "dwarf-with-dsym";
				ENABLE_NS_ASSERTIONS = NO;
				ENABLE_STRICT_OBJC_MSGSEND = YES;
				GCC_C_LANGUAGE_STANDARD = gnu11;
				GCC_NO_COMMON_BLOCKS = YES;
				GCC_WARN_64_TO_32_BIT_CONVERSION = YES;
				GCC_WARN_ABOUT_RETURN_TYPE = YES_ERROR;
				GCC_WARN_UNDECLARED_SELECTOR = YES;
				GCC_WARN_UNINITIALIZED_AUTOS = YES_AGGRESSIVE;
				GCC_WARN_UNUSED_FUNCTION = YES;
				GCC_WARN_UNUSED_VARIABLE = YES;
				IPHONEOS_DEPLOYMENT_TARGET = 13.6;
				MTL_ENABLE_DEBUG_INFO = NO;
				MTL_FAST_MATH = YES;
				SDKROOT = iphoneos;
				SWIFT_COMPILATION_MODE = wholemodule;
				SWIFT_OPTIMIZATION_LEVEL = "-O";
				VALIDATE_PRODUCT = YES;
			};
			name = Release;
		};
		184C1E8D250100BB0007B49E /* Debug */ = {
			isa = XCBuildConfiguration;
			buildSettings = {
				ASSETCATALOG_COMPILER_APPICON_NAME = AppIcon;
				CODE_SIGN_ENTITLEMENTS = HealthMonitor/HealthMonitor.entitlements;
				CODE_SIGN_IDENTITY = "iPhone Developer";
				CODE_SIGN_STYLE = Automatic;
				DEVELOPMENT_TEAM = 9722T8G52H;
				INFOPLIST_FILE = HealthMonitor/Info.plist;
				IPHONEOS_DEPLOYMENT_TARGET = 13.0;
				LD_RUNPATH_SEARCH_PATHS = (
					"$(inherited)",
					"@executable_path/Frameworks",
				);
				PRODUCT_BUNDLE_IDENTIFIER = com.knila.HealthMonitor;
				PRODUCT_NAME = "$(TARGET_NAME)";
				SWIFT_VERSION = 5.0;
				TARGETED_DEVICE_FAMILY = "1,2";
			};
			name = Debug;
		};
		184C1E8E250100BB0007B49E /* Release */ = {
			isa = XCBuildConfiguration;
			buildSettings = {
				ASSETCATALOG_COMPILER_APPICON_NAME = AppIcon;
				CODE_SIGN_ENTITLEMENTS = HealthMonitor/HealthMonitor.entitlements;
				CODE_SIGN_IDENTITY = "iPhone Developer";
				CODE_SIGN_STYLE = Automatic;
				DEVELOPMENT_TEAM = 9722T8G52H;
				INFOPLIST_FILE = HealthMonitor/Info.plist;
				IPHONEOS_DEPLOYMENT_TARGET = 13.0;
				LD_RUNPATH_SEARCH_PATHS = (
					"$(inherited)",
					"@executable_path/Frameworks",
				);
				PRODUCT_BUNDLE_IDENTIFIER = com.knila.HealthMonitor;
				PRODUCT_NAME = "$(TARGET_NAME)";
				SWIFT_VERSION = 5.0;
				TARGETED_DEVICE_FAMILY = "1,2";
			};
			name = Release;
		};
/* End XCBuildConfiguration section */

/* Begin XCConfigurationList section */
		184C1E73250100B20007B49E /* Build configuration list for PBXProject "HealthMonitor" */ = {
			isa = XCConfigurationList;
			buildConfigurations = (
				184C1E8A250100BB0007B49E /* Debug */,
				184C1E8B250100BB0007B49E /* Release */,
			);
			defaultConfigurationIsVisible = 0;
			defaultConfigurationName = Release;
		};
		184C1E8C250100BB0007B49E /* Build configuration list for PBXNativeTarget "HealthMonitor" */ = {
			isa = XCConfigurationList;
			buildConfigurations = (
				184C1E8D250100BB0007B49E /* Debug */,
				184C1E8E250100BB0007B49E /* Release */,
			);
			defaultConfigurationIsVisible = 0;
			defaultConfigurationName = Release;
		};
/* End XCConfigurationList section */
	};
	rootObject = 184C1E70250100B20007B49E /* Project object */;
}
